
Microsoft Visual Studio Solution File, Format Version 12.00
# Visual Studio Version 17
VisualStudioVersion = 17.4.33103.184
MinimumVisualStudioVersion = 10.0.40219.1
Project("{FAE04EC0-301F-11D3-BF4B-00C04F79EFBC}") = "ifelseCalculater", "ifelseCalculater\ifelseCalculater.csproj", "{F763A07C-594F-4F43-B356-A8CF711CF3EA}"
EndProject
Global
	GlobalSection(SolutionConfigurationPlatforms) = preSolution
		Debug|Any CPU = Debug|Any CPU
		Release|Any CPU = Release|Any CPU
	EndGlobalSection
	GlobalSection(ProjectConfigurationPlatforms) = postSolution
		{F763A07C-594F-4F43-B356-A8CF711CF3EA}.Debug|Any CPU.ActiveCfg = Debug|Any CPU
		{F763A07C-594F-4F43-B356-A8CF711CF3EA}.Debug|Any CPU.Build.0 = Debug|Any CPU
		{F763A07C-594F-4F43-B356-A8CF711CF3EA}.Release|Any CPU.ActiveCfg = Release|Any CPU
		{F763A07C-594F-4F43-B356-A8CF711CF3EA}.Release|Any CPU.Build.0 = Release|Any CPU
	EndGlobalSection
	GlobalSection(SolutionProperties) = preSolution
		HideSolutionNode = FALSE
	EndGlobalSection
	GlobalSection(ExtensibilityGlobals) = postSolution
		SolutionGuid = {18499FEA-8C04-46E5-9FB1-32CC4054AB85}
	EndGlobalSection
EndGlobal
